// !$*UTF8*$!
{
	archiveVersion = 1;
	classes = {
	};
	objectVersion = 50;
	objects = {

/* Begin PBXBuildFile section */
		CEE834372580F20A006CBA14 /* AppDelegate.swift in Sources */ = {isa = PBXBuildFile; fileRef = CEE834362580F20A006CBA14 /* AppDelegate.swift */; };
		CEE834392580F20A006CBA14 /* SceneDelegate.swift in Sources */ = {isa = PBXBuildFile; fileRef = CEE834382580F20A006CBA14 /* SceneDelegate.swift */; };
		CEE8343B2580F20A006CBA14 /* ViewController.swift in Sources */ = {isa = PBXBuildFile; fileRef = CEE8343A2580F20A006CBA14 /* ViewController.swift */; };
		CEE8343E2580F20A006CBA14 /* Main.storyboard in Resources */ = {isa = PBXBuildFile; fileRef = CEE8343C2580F20A006CBA14 /* Main.storyboard */; };
		CEE834412580F20A006CBA14 /* GitForTest2.xcdatamodeld in Sources */ = {isa = PBXBuildFile; fileRef = CEE8343F2580F20A006CBA14 /* GitForTest2.xcdatamodeld */; };
		CEE834432580F20B006CBA14 /* Assets.xcassets in Resources */ = {isa = PBXBuildFile; fileRef = CEE834422580F20B006CBA14 /* Assets.xcassets */; };
		CEE834462580F20B006CBA14 /* LaunchScreen.storyboard in Resources */ = {isa = PBXBuildFile; fileRef = CEE834442580F20B006CBA14 /* LaunchScreen.storyboard */; };
/* End PBXBuildFile section */

/* Begin PBXFileReference section */
		CEE834332580F20A006CBA14 /* GitForTest2.app */ = {isa = PBXFileReference; explicitFileType = wrapper.application; includeInIndex = 0; path = GitForTest2.app; sourceTree = BUILT_PRODUCTS_DIR; };
		CEE834362580F20A006CBA14 /* AppDelegate.swift */ = {isa = PBXFileReference; lastKnownFileType = sourcecode.swift; path = AppDelegate.swift; sourceTree = "<group>"; };
		CEE834382580F20A006CBA14 /* SceneDelegate.swift */ = {isa = PBXFileReference; lastKnownFileType = sourcecode.swift; path = SceneDelegate.swift; sourceTree = "<group>"; };
		CEE8343A2580F20A006CBA14 /* ViewController.swift */ = {isa = PBXFileReference; lastKnownFileType = sourcecode.swift; path = ViewController.swift; sourceTree = "<group>"; };
		CEE8343D2580F20A006CBA14 /* Base */ = {isa = PBXFileReference; lastKnownFileType = file.storyboard; name = Base; path = Base.lproj/Main.storyboard; sourceTree = "<group>"; };
		CEE834402580F20A006CBA14 /* GitForTest2.xcdatamodel */ = {isa = PBXFileReference; lastKnownFileType = wrapper.xcdatamodel; path = GitForTest2.xcdatamodel; sourceTree = "<group>"; };
		CEE834422580F20B006CBA14 /* Assets.xcassets */ = {isa = PBXFileReference; lastKnownFileType = folder.assetcatalog; path = Assets.xcassets; sourceTree = "<group>"; };
		CEE834452580F20B006CBA14 /* Base */ = {isa = PBXFileReference; lastKnownFileType = file.storyboard; name = Base; path = Base.lproj/LaunchScreen.storyboard; sourceTree = "<group>"; };
		CEE834472580F20B006CBA14 /* Info.plist */ = {isa = PBXFileReference; lastKnownFileType = text.plist.xml; path = Info.plist; sourceTree = "<group>"; };
/* End PBXFileReference section */

/* Begin PBXFrameworksBuildPhase section */
		CEE834302580F20A006CBA14 /* Frameworks */ = {
			isa = PBXFrameworksBuildPhase;
			buildActionMask = 2147483647;
			files = (
			);
			runOnlyForDeploymentPostprocessing = 0;
		};
/* End PBXFrameworksBuildPhase section */

/* Begin PBXGroup section */
		CEE8342A2580F20A006CBA14 = {
			isa = PBXGroup;
			children = (
				CEE834352580F20A006CBA14 /* GitForTest2 */,
				CEE834342580F20A006CBA14 /* Products */,
			);
			sourceTree = "<group>";
		};
		CEE834342580F20A006CBA14 /* Products */ = {
			isa = PBXGroup;
			children = (
				CEE834332580F20A006CBA14 /* GitForTest2.app */,
			);
			name = Products;
			sourceTree = "<group>";
		};
		CEE834352580F20A006CBA14 /* GitForTest2 */ = {
			isa = PBXGroup;
			children = (
				CEE834362580F20A006CBA14 /* AppDelegate.swift */,
				CEE834382580F20A006CBA14 /* SceneDelegate.swift */,
				CEE8343A2580F20A006CBA14 /* ViewController.swift */,
				CEE8343C2580F20A006CBA14 /* Main.storyboard */,
				CEE834422580F20B006CBA14 /* Assets.xcassets */,
				CEE834442580F20B006CBA14 /* LaunchScreen.storyboard */,
				CEE834472580F20B006CBA14 /* Info.plist */,
				CEE8343F2580F20A006CBA14 /* GitForTest2.xcdatamodeld */,
			);
			path = GitForTest2;
			sourceTree = "<group>";
		};
/* End PBXGroup section */

/* Begin PBXNativeTarget section */
		CEE834322580F20A006CBA14 /* GitForTest2 */ = {
			isa = PBXNativeTarget;
			buildConfigurationList = CEE8344A2580F20B006CBA14 /* Build configuration list for PBXNativeTarget "GitForTest2" */;
			buildPhases = (
				CEE8342F2580F20A006CBA14 /* Sources */,
				CEE834302580F20A006CBA14 /* Frameworks */,
				CEE834312580F20A006CBA14 /* Resources */,
			);
			buildRules = (
			);
			dependencies = (
			);
			name = GitForTest2;
			productName = GitForTest2;
			productReference = CEE834332580F20A006CBA14 /* GitForTest2.app */;
			productType = "com.apple.product-type.application";
		};
/* End PBXNativeTarget section */

/* Begin PBXProject section */
		CEE8342B2580F20A006CBA14 /* Project object */ = {
			isa = PBXProject;
			attributes = {
				LastSwiftUpdateCheck = 1220;
				LastUpgradeCheck = 1220;
				TargetAttributes = {
					CEE834322580F20A006CBA14 = {
						CreatedOnToolsVersion = 12.2;
					};
				};
			};
			buildConfigurationList = CEE8342E2580F20A006CBA14 /* Build configuration list for PBXProject "GitForTest2" */;
			compatibilityVersion = "Xcode 9.3";
			developmentRegion = en;
			hasScannedForEncodings = 0;
			knownRegions = (
				en,
				Base,
			);
			mainGroup = CEE8342A2580F20A006CBA14;
			productRefGroup = CEE834342580F20A006CBA14 /* Products */;
			projectDirPath = "";
			projectRoot = "";
			targets = (
				CEE834322580F20A006CBA14 /* GitForTest2 */,
			);
		};
/* End PBXProject section */

/* Begin PBXResourcesBuildPhase section */
		CEE834312580F20A006CBA14 /* Resources */ = {
			isa = PBXResourcesBuildPhase;
			buildActionMask = 2147483647;
			files = (
				CEE834462580F20B006CBA14 /* LaunchScreen.storyboard in Resources */,
				CEE834432580F20B006CBA14 /* Assets.xcassets in Resources */,
				CEE8343E2580F20A006CBA14 /* Main.storyboard in Resources */,
			);
			runOnlyForDeploymentPostprocessing = 0;
		};
/* End PBXResourcesBuildPhase section */

/* Begin PBXSourcesBuildPhase section */
		CEE8342F2580F20A006CBA14 /* Sources */ = {
			isa = PBXSourcesBuildPhase;
			buildActionMask = 2147483647;
			files = (
				CEE8343B2580F20A006CBA14 /* ViewController.swift in Sources */,
				CEE834412580F20A006CBA14 /* GitForTest2.xcdatamodeld in Sources */,
				CEE834372580F20A006CBA14 /* AppDelegate.swift in Sources */,
				CEE834392580F20A006CBA14 /* SceneDelegate.swift in Sources */,
			);
			runOnlyForDeploymentPostprocessing = 0;
		};
/* End PBXSourcesBuildPhase section */

/* Begin PBXVariantGroup section */
		CEE8343C2580F20A006CBA14 /* Main.storyboard */ = {
			isa = PBXVariantGroup;
			children = (
				CEE8343D2580F20A006CBA14 /* Base */,
			);
			name = Main.storyboard;
			sourceTree = "<group>";
		};
		CEE834442580F20B006CBA14 /* LaunchScreen.storyboard */ = {
			isa = PBXVariantGroup;
			children = (
				CEE834452580F20B006CBA14 /* Base */,
			);
			name = LaunchScreen.storyboard;
			sourceTree = "<group>";
		};
/* End PBXVariantGroup section */

/* Begin XCBuildConfiguration section */
		CEE834482580F20B006CBA14 /* Debug */ = {
			isa = XCBuildConfiguration;
			buildSettings = {
				ALWAYS_SEARCH_USER_PATHS = NO;
				CLANG_ANALYZER_NONNULL = YES;
				CLANG_ANALYZER_NUMBER_OBJECT_CONVERSION = YES_AGGRESSIVE;
				CLANG_CXX_LANGUAGE_STANDARD = "gnu++14";
				CLANG_CXX_LIBRARY = "libc++";
				CLANG_ENABLE_MODULES = YES;
				CLANG_ENABLE_OBJC_ARC = YES;
				CLANG_ENABLE_OBJC_WEAK = YES;
				CLANG_WARN_BLOCK_CAPTURE_AUTORELEASING = YES;
				CLANG_WARN_BOOL_CONVERSION = YES;
				CLANG_WARN_COMMA = YES;
				CLANG_WARN_CONSTANT_CONVERSION = YES;
				CLANG_WARN_DEPRECATED_OBJC_IMPLEMENTATIONS = YES;
				CLANG_WARN_DIRECT_OBJC_ISA_USAGE = YES_ERROR;
				CLANG_WARN_DOCUMENTATION_COMMENTS = YES;
				CLANG_WARN_EMPTY_BODY = YES;
				CLANG_WARN_ENUM_CONVERSION = YES;
				CLANG_WARN_INFINITE_RECURSION = YES;
				CLANG_WARN_INT_CONVERSION = YES;
				CLANG_WARN_NON_LITERAL_NULL_CONVERSION = YES;
				CLANG_WARN_OBJC_IMPLICIT_RETAIN_SELF = YES;
				CLANG_WARN_OBJC_LITERAL_CONVERSION = YES;
				CLANG_WARN_OBJC_ROOT_CLASS = YES_ERROR;
				CLANG_WARN_QUOTED_INCLUDE_IN_FRAMEWORK_HEADER = YES;
				CLANG_WARN_RANGE_LOOP_ANALYSIS = YES;
				CLANG_WARN_STRICT_PROTOTYPES = YES;
				CLANG_WARN_SUSPICIOUS_MOVE = YES;
				CLANG_WARN_UNGUARDED_AVAILABILITY = YES_AGGRESSIVE;
				CLANG_WARN_UNREACHABLE_CODE = YES;
				CLANG_WARN__DUPLICATE_METHOD_MATCH = YES;
				COPY_PHASE_STRIP = NO;
				DEBUG_INFORMATION_FORMAT = dwarf;
				ENABLE_STRICT_OBJC_MSGSEND = YES;
				ENABLE_TESTABILITY = YES;
				GCC_C_LANGUAGE_STANDARD = gnu11;
				GCC_DYNAMIC_NO_PIC = NO;
				GCC_NO_COMMON_BLOCKS = YES;
				GCC_OPTIMIZATION_LEVEL = 0;
				GCC_PREPROCESSOR_DEFINITIONS = (
					"DEBUG=1",
					"$(inherited)",
				);
				GCC_WARN_64_TO_32_BIT_CONVERSION = YES;
				GCC_WARN_ABOUT_RETURN_TYPE = YES_ERROR;
				GCC_WARN_UNDECLARED_SELECTOR = YES;
				GCC_WARN_UNINITIALIZED_AUTOS = YES_AGGRESSIVE;
				GCC_WARN_UNUSED_FUNCTION = YES;
				GCC_WARN_UNUSED_VARIABLE = YES;
				IPHONEOS_DEPLOYMENT_TARGET = 14.2;
				MTL_ENABLE_DEBUG_INFO = INCLUDE_SOURCE;
				MTL_FAST_MATH = YES;
				ONLY_ACTIVE_ARCH = YES;
				SDKROOT = iphoneos;
				SWIFT_ACTIVE_COMPILATION_CONDITIONS = DEBUG;
				SWIFT_OPTIMIZATION_LEVEL = "-Onone";
			};
			name = Debug;
		};
		CEE834492580F20B006CBA14 /* Release */ = {
			isa = XCBuildConfiguration;
			buildSettings = {
				ALWAYS_SEARCH_USER_PATHS = NO;
				CLANG_ANALYZER_NONNULL = YES;
				CLANG_ANALYZER_NUMBER_OBJECT_CONVERSION = YES_AGGRESSIVE;
				CLANG_CXX_LANGUAGE_STANDARD = "gnu++14";
				CLANG_CXX_LIBRARY = "libc++";
				CLANG_ENABLE_MODULES = YES;
				CLANG_ENABLE_OBJC_ARC = YES;
				CLANG_ENABLE_OBJC_WEAK = YES;
				CLANG_WARN_BLOCK_CAPTURE_AUTORELEASING = YES;
				CLANG_WARN_BOOL_CONVERSION = YES;
				CLANG_WARN_COMMA = YES;
				CLANG_WARN_CONSTANT_CONVERSION = YES;
				CLANG_WARN_DEPRECATED_OBJC_IMPLEMENTATIONS = YES;
				CLANG_WARN_DIRECT_OBJC_ISA_USAGE = YES_ERROR;
				CLANG_WARN_DOCUMENTATION_COMMENTS = YES;
				CLANG_WARN_EMPTY_BODY = YES;
				CLANG_WARN_ENUM_CONVERSION = YES;
				CLANG_WARN_INFINITE_RECURSION = YES;
				CLANG_WARN_INT_CONVERSION = YES;
				CLANG_WARN_NON_LITERAL_NULL_CONVERSION = YES;
				CLANG_WARN_OBJC_IMPLICIT_RETAIN_SELF = YES;
				CLANG_WARN_OBJC_LITERAL_CONVERSION = YES;
				CLANG_WARN_OBJC_ROOT_CLASS = YES_ERROR;
				CLANG_WARN_QUOTED_INCLUDE_IN_FRAMEWORK_HEADER = YES;
				CLANG_WARN_RANGE_LOOP_ANALYSIS = YES;
				CLANG_WARN_STRICT_PROTOTYPES = YES;
				CLANG_WARN_SUSPICIOUS_MOVE = YES;
				CLANG_WARN_UNGUARDED_AVAILABILITY = YES_AGGRESSIVE;
				CLANG_WARN_UNREACHABLE_CODE = YES;
				CLANG_WARN__DUPLICATE_METHOD_MATCH = YES;
				COPY_PHASE_STRIP = NO;
				DEBUG_INFORMATION_FORMAT = "dwarf-with-dsym";
				ENABLE_NS_ASSERTIONS = NO;
				ENABLE_STRICT_OBJC_MSGSEND = YES;
				GCC_C_LANGUAGE_STANDARD = gnu11;
				GCC_NO_COMMON_BLOCKS = YES;
				GCC_WARN_64_TO_32_BIT_CONVERSION = YES;
				GCC_WARN_ABOUT_RETURN_TYPE = YES_ERROR;
				GCC_WARN_UNDECLARED_SELECTOR = YES;
				GCC_WARN_UNINITIALIZED_AUTOS = YES_AGGRESSIVE;
				GCC_WARN_UNUSED_FUNCTION = YES;
				GCC_WARN_UNUSED_VARIABLE = YES;
				IPHONEOS_DEPLOYMENT_TARGET = 14.2;
				MTL_ENABLE_DEBUG_INFO = NO;
				MTL_FAST_MATH = YES;
				SDKROOT = iphoneos;
				SWIFT_COMPILATION_MODE = wholemodule;
				SWIFT_OPTIMIZATION_LEVEL = "-O";
				VALIDATE_PRODUCT = YES;
			};
			name = Release;
		};
		CEE8344B2580F20B006CBA14 /* Debug */ = {
			isa = XCBuildConfiguration;
			buildSettings = {
				ASSETCATALOG_COMPILER_APPICON_NAME = AppIcon;
				ASSETCATALOG_COMPILER_GLOBAL_ACCENT_COLOR_NAME = AccentColor;
				CODE_SIGN_STYLE = Automatic;
				DEVELOPMENT_TEAM = 32GE9C7793;
				INFOPLIST_FILE = GitForTest2/Info.plist;
				LD_RUNPATH_SEARCH_PATHS = (
					"$(inherited)",
					"@executable_path/Frameworks",
				);
				PRODUCT_BUNDLE_IDENTIFIER = PiLabStudio.GitForTest2;
				PRODUCT_NAME = "$(TARGET_NAME)";
				SWIFT_VERSION = 5.0;
				TARGETED_DEVICE_FAMILY = "1,2";
			};
			name = Debug;
		};
		CEE8344C2580F20B006CBA14 /* Release */ = {
			isa = XCBuildConfiguration;
			buildSettings = {
				ASSETCATALOG_COMPILER_APPICON_NAME = AppIcon;
				ASSETCATALOG_COMPILER_GLOBAL_ACCENT_COLOR_NAME = AccentColor;
				CODE_SIGN_STYLE = Automatic;
				DEVELOPMENT_TEAM = 32GE9C7793;
				INFOPLIST_FILE = GitForTest2/Info.plist;
				LD_RUNPATH_SEARCH_PATHS = (
					"$(inherited)",
					"@executable_path/Frameworks",
				);
				PRODUCT_BUNDLE_IDENTIFIER = PiLabStudio.GitForTest2;
				PRODUCT_NAME = "$(TARGET_NAME)";
				SWIFT_VERSION = 5.0;
				TARGETED_DEVICE_FAMILY = "1,2";
			};
			name = Release;
		};
/* End XCBuildConfiguration section */

/* Begin XCConfigurationList section */
		CEE8342E2580F20A006CBA14 /* Build configuration list for PBXProject "GitForTest2" */ = {
			isa = XCConfigurationList;
			buildConfigurations = (
				CEE834482580F20B006CBA14 /* Debug */,
				CEE834492580F20B006CBA14 /* Release */,
			);
			defaultConfigurationIsVisible = 0;
			defaultConfigurationName = Release;
		};
		CEE8344A2580F20B006CBA14 /* Build configuration list for PBXNativeTarget "GitForTest2" */ = {
			isa = XCConfigurationList;
			buildConfigurations = (
				CEE8344B2580F20B006CBA14 /* Debug */,
				CEE8344C2580F20B006CBA14 /* Release */,
			);
			defaultConfigurationIsVisible = 0;
			defaultConfigurationName = Release;
		};
/* End XCConfigurationList section */

/* Begin XCVersionGroup section */
		CEE8343F2580F20A006CBA14 /* GitForTest2.xcdatamodeld */ = {
			isa = XCVersionGroup;
			children = (
				CEE834402580F20A006CBA14 /* GitForTest2.xcdatamodel */,
			);
			currentVersion = CEE834402580F20A006CBA14 /* GitForTest2.xcdatamodel */;
			path = GitForTest2.xcdatamodeld;
			sourceTree = "<group>";
			versionGroupType = wrapper.xcdatamodel;
		};
/* End XCVersionGroup section */
	};
	rootObject = CEE8342B2580F20A006CBA14 /* Project object */;
}
